using System;
using System.Collections.Generic;
using System.Linq;
using System.Text;
using System.Threading.Tasks;

namespace asal_sayi
{
    class Program
    {
        static void Main(string[] args)
        {
            int x = 1;
            Console.WriteLine("----Asal sayı bulucusu 2000----");
            Console.WriteLine("Enter a bassana Özge bişi denicem");
            Console.ReadLine();
            Console.WriteLine("Sayı girsene knk");
            x = int.Parse(Console.ReadLine());
            if (asal(x))
            {
                Console.WriteLine("asal sayıdır.");
            }
            else
            {
                Console.WriteLine(x + " asal sayı değildir.");
            }
            Console.ReadLine();

        }
        private static bool asal(int number)
        {
            bool result = true;
            for (int i = 2; i < number - 1; i++)
            {
                if (number % i == 0)
                {
                    result = false;
                    break;
                }
            }
            return result;
        }
    }
}
