
Microsoft Visual Studio Solution File, Format Version 12.00
# Visual Studio Version 16
VisualStudioVersion = 16.0.30611.23
MinimumVisualStudioVersion = 10.0.40219.1
Project("{FAE04EC0-301F-11D3-BF4B-00C04F79EFBC}") = "asal sayı bulucu", "asal sayı bulucu\asal sayı bulucu.csproj", "{085DD491-7BBD-4E3F-8FAF-1EEB742405BF}"
EndProject
Global
	GlobalSection(SolutionConfigurationPlatforms) = preSolution
		Debug|Any CPU = Debug|Any CPU
		Release|Any CPU = Release|Any CPU
	EndGlobalSection
	GlobalSection(ProjectConfigurationPlatforms) = postSolution
		{085DD491-7BBD-4E3F-8FAF-1EEB742405BF}.Debug|Any CPU.ActiveCfg = Debug|Any CPU
		{085DD491-7BBD-4E3F-8FAF-1EEB742405BF}.Debug|Any CPU.Build.0 = Debug|Any CPU
		{085DD491-7BBD-4E3F-8FAF-1EEB742405BF}.Release|Any CPU.ActiveCfg = Release|Any CPU
		{085DD491-7BBD-4E3F-8FAF-1EEB742405BF}.Release|Any CPU.Build.0 = Release|Any CPU
	EndGlobalSection
	GlobalSection(SolutionProperties) = preSolution
		HideSolutionNode = FALSE
	EndGlobalSection
	GlobalSection(ExtensibilityGlobals) = postSolution
		SolutionGuid = {C7D55D7A-0517-4E73-9558-3E8504F2C3B4}
	EndGlobalSection
EndGlobal
